// !$*UTF8*$!
{
	archiveVersion = 1;
	classes = {
	};
	objectVersion = 51;
	objects = {

/* Begin PBXBuildFile section */
		8AB64031E07ADB63D51F1E71 /* Pods_AegiSTests.framework in Frameworks */ = {isa = PBXBuildFile; fileRef = DF4265850CBD3DDA93F9EC33 /* Pods_AegiSTests.framework */; };
		ED13A8302420193A00A6FE82 /* MainSecuritiesTableViewCell.swift in Sources */ = {isa = PBXBuildFile; fileRef = ED13A82F2420193A00A6FE82 /* MainSecuritiesTableViewCell.swift */; };
		ED13A8322422AB6B00A6FE82 /* ClientsCollectionViewCell.swift in Sources */ = {isa = PBXBuildFile; fileRef = ED13A8312422AB6B00A6FE82 /* ClientsCollectionViewCell.swift */; };
		ED516219241988540008C621 /* clientView.swift in Sources */ = {isa = PBXBuildFile; fileRef = ED516218241988540008C621 /* clientView.swift */; };
		ED5162242419AB290008C621 /* 89762769_223800988749873_7596640348722429952_n.jpg in Resources */ = {isa = PBXBuildFile; fileRef = ED51621F2419AB280008C621 /* 89762769_223800988749873_7596640348722429952_n.jpg */; };
		ED5162252419AB290008C621 /* 88184721_197303188163976_3523993075498090496_n.png in Resources */ = {isa = PBXBuildFile; fileRef = ED5162202419AB290008C621 /* 88184721_197303188163976_3523993075498090496_n.png */; };
		ED5162262419AB290008C621 /* 89930680_198473048089654_6530749024859848704_n.jpg in Resources */ = {isa = PBXBuildFile; fileRef = ED5162212419AB290008C621 /* 89930680_198473048089654_6530749024859848704_n.jpg */; };
		ED5162272419AB290008C621 /* 58793365_435065583733969_1080487310656536576_n.jpg in Resources */ = {isa = PBXBuildFile; fileRef = ED5162222419AB290008C621 /* 58793365_435065583733969_1080487310656536576_n.jpg */; };
		ED5162282419AB290008C621 /* 89854406_814414002390551_1132090573918830592_n.jpg in Resources */ = {isa = PBXBuildFile; fileRef = ED5162232419AB290008C621 /* 89854406_814414002390551_1132090573918830592_n.jpg */; };
		ED51622A2419AE8E0008C621 /* 49054316_356857088449911_3489275029483421696_n.jpg in Resources */ = {isa = PBXBuildFile; fileRef = ED5162292419AE8E0008C621 /* 49054316_356857088449911_3489275029483421696_n.jpg */; };
		ED51622E2419B1960008C621 /* unnamed.png in Resources */ = {isa = PBXBuildFile; fileRef = ED51622D2419B1960008C621 /* unnamed.png */; };
		ED516230241AD20D0008C621 /* SecuritiesTableViewCell.swift in Sources */ = {isa = PBXBuildFile; fileRef = ED51622F241AD20D0008C621 /* SecuritiesTableViewCell.swift */; };
		ED59B01724407BCB00CE4AC9 /* SingleSecurityInfoTableViewCell.swift in Sources */ = {isa = PBXBuildFile; fileRef = ED59B01624407BCB00CE4AC9 /* SingleSecurityInfoTableViewCell.swift */; };
		ED59B019244380D100CE4AC9 /* SingleClientViewController.swift in Sources */ = {isa = PBXBuildFile; fileRef = ED59B018244380D100CE4AC9 /* SingleClientViewController.swift */; };
		ED5DAEDD2417B4480085F08A /* MainNavigationViewController.swift in Sources */ = {isa = PBXBuildFile; fileRef = ED5DAEDC2417B4480085F08A /* MainNavigationViewController.swift */; };
		ED5DAEDF2417B6BA0085F08A /* MainTabBarViewController.swift in Sources */ = {isa = PBXBuildFile; fileRef = ED5DAEDE2417B6BA0085F08A /* MainTabBarViewController.swift */; };
		ED5DAEE12417BEEE0085F08A /* SecuritiesViewController.swift in Sources */ = {isa = PBXBuildFile; fileRef = ED5DAEE02417BEEE0085F08A /* SecuritiesViewController.swift */; };
		ED5DAEE32417BEFA0085F08A /* HomeViewController.swift in Sources */ = {isa = PBXBuildFile; fileRef = ED5DAEE22417BEFA0085F08A /* HomeViewController.swift */; };
		ED5DAEE52417BF6D0085F08A /* ClientsViewController.swift in Sources */ = {isa = PBXBuildFile; fileRef = ED5DAEE42417BF6D0085F08A /* ClientsViewController.swift */; };
		ED64881B241247F000EDD3D3 /* RegisterViewController.swift in Sources */ = {isa = PBXBuildFile; fileRef = ED64881A241247F000EDD3D3 /* RegisterViewController.swift */; };
		ED64881F2415345400EDD3D3 /* GoogleService-Info.plist in Resources */ = {isa = PBXBuildFile; fileRef = ED64881E2415345400EDD3D3 /* GoogleService-Info.plist */; };
		ED8CD4DF243DC4150064861C /* SecurityViewController.swift in Sources */ = {isa = PBXBuildFile; fileRef = ED8CD4DE243DC4150064861C /* SecurityViewController.swift */; };
		EDCD0DD62411A30300FC6524 /* AppDelegate.swift in Sources */ = {isa = PBXBuildFile; fileRef = EDCD0DD52411A30300FC6524 /* AppDelegate.swift */; };
		EDCD0DD82411A30300FC6524 /* SceneDelegate.swift in Sources */ = {isa = PBXBuildFile; fileRef = EDCD0DD72411A30300FC6524 /* SceneDelegate.swift */; };
		EDCD0DDA2411A30300FC6524 /* LoginViewController.swift in Sources */ = {isa = PBXBuildFile; fileRef = EDCD0DD92411A30300FC6524 /* LoginViewController.swift */; };
		EDCD0DDD2411A30300FC6524 /* Main.storyboard in Resources */ = {isa = PBXBuildFile; fileRef = EDCD0DDB2411A30300FC6524 /* Main.storyboard */; };
		EDCD0DE02411A30300FC6524 /* AegiS.xcdatamodeld in Sources */ = {isa = PBXBuildFile; fileRef = EDCD0DDE2411A30300FC6524 /* AegiS.xcdatamodeld */; };
		EDCD0DE22411A30500FC6524 /* Assets.xcassets in Resources */ = {isa = PBXBuildFile; fileRef = EDCD0DE12411A30500FC6524 /* Assets.xcassets */; };
		EDCD0DE52411A30500FC6524 /* LaunchScreen.storyboard in Resources */ = {isa = PBXBuildFile; fileRef = EDCD0DE32411A30500FC6524 /* LaunchScreen.storyboard */; };
		EDCD0DF02411A30500FC6524 /* AegiSTests.swift in Sources */ = {isa = PBXBuildFile; fileRef = EDCD0DEF2411A30500FC6524 /* AegiSTests.swift */; };
		EDCD0DFB2411A30500FC6524 /* AegiSUITests.swift in Sources */ = {isa = PBXBuildFile; fileRef = EDCD0DFA2411A30500FC6524 /* AegiSUITests.swift */; };
		F8E7C9D2D050738D0FBFE9D1 /* Pods_AegiS_AegiSUITests.framework in Frameworks */ = {isa = PBXBuildFile; fileRef = 63616588F2F43A15453C93AB /* Pods_AegiS_AegiSUITests.framework */; };
		FDDA074C42D0D858FF4DFDFF /* Pods_AegiS.framework in Frameworks */ = {isa = PBXBuildFile; fileRef = B9B7C7DD9558CFC5E1B246D1 /* Pods_AegiS.framework */; };
/* End PBXBuildFile section */

/* Begin PBXContainerItemProxy section */
		EDCD0DEC2411A30500FC6524 /* PBXContainerItemProxy */ = {
			isa = PBXContainerItemProxy;
			containerPortal = EDCD0DCA2411A30300FC6524 /* Project object */;
			proxyType = 1;
			remoteGlobalIDString = EDCD0DD12411A30300FC6524;
			remoteInfo = AegiS;
		};
		EDCD0DF72411A30500FC6524 /* PBXContainerItemProxy */ = {
			isa = PBXContainerItemProxy;
			containerPortal = EDCD0DCA2411A30300FC6524 /* Project object */;
			proxyType = 1;
			remoteGlobalIDString = EDCD0DD12411A30300FC6524;
			remoteInfo = AegiS;
		};
/* End PBXContainerItemProxy section */

/* Begin PBXFileReference section */
		63616588F2F43A15453C93AB /* Pods_AegiS_AegiSUITests.framework */ = {isa = PBXFileReference; explicitFileType = wrapper.framework; includeInIndex = 0; path = Pods_AegiS_AegiSUITests.framework; sourceTree = BUILT_PRODUCTS_DIR; };
		87BA9FCA0808D16821FE1DF4 /* Pods-AegiS.release.xcconfig */ = {isa = PBXFileReference; includeInIndex = 1; lastKnownFileType = text.xcconfig; name = "Pods-AegiS.release.xcconfig"; path = "Target Support Files/Pods-AegiS/Pods-AegiS.release.xcconfig"; sourceTree = "<group>"; };
		B3739DBCABEAD5E7DD697388 /* Pods-AegiSTests.release.xcconfig */ = {isa = PBXFileReference; includeInIndex = 1; lastKnownFileType = text.xcconfig; name = "Pods-AegiSTests.release.xcconfig"; path = "Target Support Files/Pods-AegiSTests/Pods-AegiSTests.release.xcconfig"; sourceTree = "<group>"; };
		B763898BBFC59D3E11D2B174 /* Pods-AegiS.debug.xcconfig */ = {isa = PBXFileReference; includeInIndex = 1; lastKnownFileType = text.xcconfig; name = "Pods-AegiS.debug.xcconfig"; path = "Target Support Files/Pods-AegiS/Pods-AegiS.debug.xcconfig"; sourceTree = "<group>"; };
		B9B7C7DD9558CFC5E1B246D1 /* Pods_AegiS.framework */ = {isa = PBXFileReference; explicitFileType = wrapper.framework; includeInIndex = 0; path = Pods_AegiS.framework; sourceTree = BUILT_PRODUCTS_DIR; };
		C0DB5E911A0E70F97C9C7950 /* Pods-AegiSTests.debug.xcconfig */ = {isa = PBXFileReference; includeInIndex = 1; lastKnownFileType = text.xcconfig; name = "Pods-AegiSTests.debug.xcconfig"; path = "Target Support Files/Pods-AegiSTests/Pods-AegiSTests.debug.xcconfig"; sourceTree = "<group>"; };
		CEA4752195F6BA40FA5E6C2B /* Pods-AegiS-AegiSUITests.release.xcconfig */ = {isa = PBXFileReference; includeInIndex = 1; lastKnownFileType = text.xcconfig; name = "Pods-AegiS-AegiSUITests.release.xcconfig"; path = "Target Support Files/Pods-AegiS-AegiSUITests/Pods-AegiS-AegiSUITests.release.xcconfig"; sourceTree = "<group>"; };
		DF4265850CBD3DDA93F9EC33 /* Pods_AegiSTests.framework */ = {isa = PBXFileReference; explicitFileType = wrapper.framework; includeInIndex = 0; path = Pods_AegiSTests.framework; sourceTree = BUILT_PRODUCTS_DIR; };
		ED13A82F2420193A00A6FE82 /* MainSecuritiesTableViewCell.swift */ = {isa = PBXFileReference; lastKnownFileType = sourcecode.swift; path = MainSecuritiesTableViewCell.swift; sourceTree = "<group>"; };
		ED13A8312422AB6B00A6FE82 /* ClientsCollectionViewCell.swift */ = {isa = PBXFileReference; lastKnownFileType = sourcecode.swift; path = ClientsCollectionViewCell.swift; sourceTree = "<group>"; };
		ED516218241988540008C621 /* clientView.swift */ = {isa = PBXFileReference; lastKnownFileType = sourcecode.swift; path = clientView.swift; sourceTree = "<group>"; };
		ED51621F2419AB280008C621 /* 89762769_223800988749873_7596640348722429952_n.jpg */ = {isa = PBXFileReference; lastKnownFileType = image.jpeg; path = 89762769_223800988749873_7596640348722429952_n.jpg; sourceTree = "<group>"; };
		ED5162202419AB290008C621 /* 88184721_197303188163976_3523993075498090496_n.png */ = {isa = PBXFileReference; lastKnownFileType = image.png; path = 88184721_197303188163976_3523993075498090496_n.png; sourceTree = "<group>"; };
		ED5162212419AB290008C621 /* 89930680_198473048089654_6530749024859848704_n.jpg */ = {isa = PBXFileReference; lastKnownFileType = image.jpeg; path = 89930680_198473048089654_6530749024859848704_n.jpg; sourceTree = "<group>"; };
		ED5162222419AB290008C621 /* 58793365_435065583733969_1080487310656536576_n.jpg */ = {isa = PBXFileReference; lastKnownFileType = image.jpeg; path = 58793365_435065583733969_1080487310656536576_n.jpg; sourceTree = "<group>"; };
		ED5162232419AB290008C621 /* 89854406_814414002390551_1132090573918830592_n.jpg */ = {isa = PBXFileReference; lastKnownFileType = image.jpeg; path = 89854406_814414002390551_1132090573918830592_n.jpg; sourceTree = "<group>"; };
		ED5162292419AE8E0008C621 /* 49054316_356857088449911_3489275029483421696_n.jpg */ = {isa = PBXFileReference; lastKnownFileType = image.jpeg; path = 49054316_356857088449911_3489275029483421696_n.jpg; sourceTree = "<group>"; };
		ED51622D2419B1960008C621 /* unnamed.png */ = {isa = PBXFileReference; lastKnownFileType = image.png; path = unnamed.png; sourceTree = "<group>"; };
		ED51622F241AD20D0008C621 /* SecuritiesTableViewCell.swift */ = {isa = PBXFileReference; lastKnownFileType = sourcecode.swift; path = SecuritiesTableViewCell.swift; sourceTree = "<group>"; };
		ED59B01624407BCB00CE4AC9 /* SingleSecurityInfoTableViewCell.swift */ = {isa = PBXFileReference; lastKnownFileType = sourcecode.swift; path = SingleSecurityInfoTableViewCell.swift; sourceTree = "<group>"; };
		ED59B018244380D100CE4AC9 /* SingleClientViewController.swift */ = {isa = PBXFileReference; lastKnownFileType = sourcecode.swift; path = SingleClientViewController.swift; sourceTree = "<group>"; };
		ED5DAEDC2417B4480085F08A /* MainNavigationViewController.swift */ = {isa = PBXFileReference; lastKnownFileType = sourcecode.swift; path = MainNavigationViewController.swift; sourceTree = "<group>"; };
		ED5DAEDE2417B6BA0085F08A /* MainTabBarViewController.swift */ = {isa = PBXFileReference; lastKnownFileType = sourcecode.swift; path = MainTabBarViewController.swift; sourceTree = "<group>"; };
		ED5DAEE02417BEEE0085F08A /* SecuritiesViewController.swift */ = {isa = PBXFileReference; lastKnownFileType = sourcecode.swift; path = SecuritiesViewController.swift; sourceTree = "<group>"; };
		ED5DAEE22417BEFA0085F08A /* HomeViewController.swift */ = {isa = PBXFileReference; lastKnownFileType = sourcecode.swift; path = HomeViewController.swift; sourceTree = "<group>"; };
		ED5DAEE42417BF6D0085F08A /* ClientsViewController.swift */ = {isa = PBXFileReference; lastKnownFileType = sourcecode.swift; path = ClientsViewController.swift; sourceTree = "<group>"; };
		ED64881A241247F000EDD3D3 /* RegisterViewController.swift */ = {isa = PBXFileReference; lastKnownFileType = sourcecode.swift; path = RegisterViewController.swift; sourceTree = "<group>"; };
		ED64881E2415345400EDD3D3 /* GoogleService-Info.plist */ = {isa = PBXFileReference; fileEncoding = 4; lastKnownFileType = text.plist.xml; path = "GoogleService-Info.plist"; sourceTree = "<group>"; };
		ED8CD4DE243DC4150064861C /* SecurityViewController.swift */ = {isa = PBXFileReference; lastKnownFileType = sourcecode.swift; path = SecurityViewController.swift; sourceTree = "<group>"; };
		EDCD0DD22411A30300FC6524 /* AegiS.app */ = {isa = PBXFileReference; explicitFileType = wrapper.application; includeInIndex = 0; path = AegiS.app; sourceTree = BUILT_PRODUCTS_DIR; };
		EDCD0DD52411A30300FC6524 /* AppDelegate.swift */ = {isa = PBXFileReference; lastKnownFileType = sourcecode.swift; path = AppDelegate.swift; sourceTree = "<group>"; };
		EDCD0DD72411A30300FC6524 /* SceneDelegate.swift */ = {isa = PBXFileReference; lastKnownFileType = sourcecode.swift; path = SceneDelegate.swift; sourceTree = "<group>"; };
		EDCD0DD92411A30300FC6524 /* LoginViewController.swift */ = {isa = PBXFileReference; lastKnownFileType = sourcecode.swift; path = LoginViewController.swift; sourceTree = "<group>"; };
		EDCD0DDC2411A30300FC6524 /* Base */ = {isa = PBXFileReference; lastKnownFileType = file.storyboard; name = Base; path = Base.lproj/Main.storyboard; sourceTree = "<group>"; };
		EDCD0DDF2411A30300FC6524 /* AegiS.xcdatamodel */ = {isa = PBXFileReference; lastKnownFileType = wrapper.xcdatamodel; path = AegiS.xcdatamodel; sourceTree = "<group>"; };
		EDCD0DE12411A30500FC6524 /* Assets.xcassets */ = {isa = PBXFileReference; lastKnownFileType = folder.assetcatalog; path = Assets.xcassets; sourceTree = "<group>"; };
		EDCD0DE42411A30500FC6524 /* Base */ = {isa = PBXFileReference; lastKnownFileType = file.storyboard; name = Base; path = Base.lproj/LaunchScreen.storyboard; sourceTree = "<group>"; };
		EDCD0DE62411A30500FC6524 /* Info.plist */ = {isa = PBXFileReference; lastKnownFileType = text.plist.xml; path = Info.plist; sourceTree = "<group>"; };
		EDCD0DEB2411A30500FC6524 /* AegiSTests.xctest */ = {isa = PBXFileReference; explicitFileType = wrapper.cfbundle; includeInIndex = 0; path = AegiSTests.xctest; sourceTree = BUILT_PRODUCTS_DIR; };
		EDCD0DEF2411A30500FC6524 /* AegiSTests.swift */ = {isa = PBXFileReference; lastKnownFileType = sourcecode.swift; path = AegiSTests.swift; sourceTree = "<group>"; };
		EDCD0DF12411A30500FC6524 /* Info.plist */ = {isa = PBXFileReference; lastKnownFileType = text.plist.xml; path = Info.plist; sourceTree = "<group>"; };
		EDCD0DF62411A30500FC6524 /* AegiSUITests.xctest */ = {isa = PBXFileReference; explicitFileType = wrapper.cfbundle; includeInIndex = 0; path = AegiSUITests.xctest; sourceTree = BUILT_PRODUCTS_DIR; };
		EDCD0DFA2411A30500FC6524 /* AegiSUITests.swift */ = {isa = PBXFileReference; lastKnownFileType = sourcecode.swift; path = AegiSUITests.swift; sourceTree = "<group>"; };
		EDCD0DFC2411A30500FC6524 /* Info.plist */ = {isa = PBXFileReference; lastKnownFileType = text.plist.xml; path = Info.plist; sourceTree = "<group>"; };
		F5124A8DF89F9649BF1C888F /* Pods-AegiS-AegiSUITests.debug.xcconfig */ = {isa = PBXFileReference; includeInIndex = 1; lastKnownFileType = text.xcconfig; name = "Pods-AegiS-AegiSUITests.debug.xcconfig"; path = "Target Support Files/Pods-AegiS-AegiSUITests/Pods-AegiS-AegiSUITests.debug.xcconfig"; sourceTree = "<group>"; };
/* End PBXFileReference section */

/* Begin PBXFrameworksBuildPhase section */
		EDCD0DCF2411A30300FC6524 /* Frameworks */ = {
			isa = PBXFrameworksBuildPhase;
			buildActionMask = 2147483647;
			files = (
				FDDA074C42D0D858FF4DFDFF /* Pods_AegiS.framework in Frameworks */,
			);
			runOnlyForDeploymentPostprocessing = 0;
		};
		EDCD0DE82411A30500FC6524 /* Frameworks */ = {
			isa = PBXFrameworksBuildPhase;
			buildActionMask = 2147483647;
			files = (
				8AB64031E07ADB63D51F1E71 /* Pods_AegiSTests.framework in Frameworks */,
			);
			runOnlyForDeploymentPostprocessing = 0;
		};
		EDCD0DF32411A30500FC6524 /* Frameworks */ = {
			isa = PBXFrameworksBuildPhase;
			buildActionMask = 2147483647;
			files = (
				F8E7C9D2D050738D0FBFE9D1 /* Pods_AegiS_AegiSUITests.framework in Frameworks */,
			);
			runOnlyForDeploymentPostprocessing = 0;
		};
/* End PBXFrameworksBuildPhase section */

/* Begin PBXGroup section */
		1200881C1CF89F38FE95B2F7 /* Pods */ = {
			isa = PBXGroup;
			children = (
				B763898BBFC59D3E11D2B174 /* Pods-AegiS.debug.xcconfig */,
				87BA9FCA0808D16821FE1DF4 /* Pods-AegiS.release.xcconfig */,
				F5124A8DF89F9649BF1C888F /* Pods-AegiS-AegiSUITests.debug.xcconfig */,
				CEA4752195F6BA40FA5E6C2B /* Pods-AegiS-AegiSUITests.release.xcconfig */,
				C0DB5E911A0E70F97C9C7950 /* Pods-AegiSTests.debug.xcconfig */,
				B3739DBCABEAD5E7DD697388 /* Pods-AegiSTests.release.xcconfig */,
			);
			path = Pods;
			sourceTree = "<group>";
		};
		EDCD0DC92411A30300FC6524 = {
			isa = PBXGroup;
			children = (
				EDCD0DD42411A30300FC6524 /* AegiS */,
				EDCD0DEE2411A30500FC6524 /* AegiSTests */,
				EDCD0DF92411A30500FC6524 /* AegiSUITests */,
				EDCD0E082411AC6800FC6524 /* Images */,
				EDCD0DD32411A30300FC6524 /* Products */,
				1200881C1CF89F38FE95B2F7 /* Pods */,
				F36A8EDB311250E5395A6631 /* Frameworks */,
			);
			sourceTree = "<group>";
		};
		EDCD0DD32411A30300FC6524 /* Products */ = {
			isa = PBXGroup;
			children = (
				EDCD0DD22411A30300FC6524 /* AegiS.app */,
				EDCD0DEB2411A30500FC6524 /* AegiSTests.xctest */,
				EDCD0DF62411A30500FC6524 /* AegiSUITests.xctest */,
			);
			name = Products;
			sourceTree = "<group>";
		};
		EDCD0DD42411A30300FC6524 /* AegiS */ = {
			isa = PBXGroup;
			children = (
				EDCD0DD52411A30300FC6524 /* AppDelegate.swift */,
				EDCD0DD72411A30300FC6524 /* SceneDelegate.swift */,
				EDCD0DD92411A30300FC6524 /* LoginViewController.swift */,
				ED64881A241247F000EDD3D3 /* RegisterViewController.swift */,
				ED5DAEDC2417B4480085F08A /* MainNavigationViewController.swift */,
				ED5DAEDE2417B6BA0085F08A /* MainTabBarViewController.swift */,
				ED5DAEE22417BEFA0085F08A /* HomeViewController.swift */,
				ED51622F241AD20D0008C621 /* SecuritiesTableViewCell.swift */,
				ED5DAEE42417BF6D0085F08A /* ClientsViewController.swift */,
				ED59B018244380D100CE4AC9 /* SingleClientViewController.swift */,
				ED516218241988540008C621 /* clientView.swift */,
				ED5DAEE02417BEEE0085F08A /* SecuritiesViewController.swift */,
				ED8CD4DE243DC4150064861C /* SecurityViewController.swift */,
				ED59B01624407BCB00CE4AC9 /* SingleSecurityInfoTableViewCell.swift */,
				ED13A82F2420193A00A6FE82 /* MainSecuritiesTableViewCell.swift */,
				ED13A8312422AB6B00A6FE82 /* ClientsCollectionViewCell.swift */,
				EDCD0DDB2411A30300FC6524 /* Main.storyboard */,
				EDCD0DE12411A30500FC6524 /* Assets.xcassets */,
				EDCD0DE32411A30500FC6524 /* LaunchScreen.storyboard */,
				EDCD0DE62411A30500FC6524 /* Info.plist */,
				EDCD0DDE2411A30300FC6524 /* AegiS.xcdatamodeld */,
				ED64881E2415345400EDD3D3 /* GoogleService-Info.plist */,
			);
			path = AegiS;
			sourceTree = "<group>";
		};
		EDCD0DEE2411A30500FC6524 /* AegiSTests */ = {
			isa = PBXGroup;
			children = (
				EDCD0DEF2411A30500FC6524 /* AegiSTests.swift */,
				EDCD0DF12411A30500FC6524 /* Info.plist */,
			);
			path = AegiSTests;
			sourceTree = "<group>";
		};
		EDCD0DF92411A30500FC6524 /* AegiSUITests */ = {
			isa = PBXGroup;
			children = (
				EDCD0DFA2411A30500FC6524 /* AegiSUITests.swift */,
				EDCD0DFC2411A30500FC6524 /* Info.plist */,
			);
			path = AegiSUITests;
			sourceTree = "<group>";
		};
		EDCD0E082411AC6800FC6524 /* Images */ = {
			isa = PBXGroup;
			children = (
				ED51622D2419B1960008C621 /* unnamed.png */,
				ED5162292419AE8E0008C621 /* 49054316_356857088449911_3489275029483421696_n.jpg */,
				ED5162222419AB290008C621 /* 58793365_435065583733969_1080487310656536576_n.jpg */,
				ED5162202419AB290008C621 /* 88184721_197303188163976_3523993075498090496_n.png */,
				ED51621F2419AB280008C621 /* 89762769_223800988749873_7596640348722429952_n.jpg */,
				ED5162232419AB290008C621 /* 89854406_814414002390551_1132090573918830592_n.jpg */,
				ED5162212419AB290008C621 /* 89930680_198473048089654_6530749024859848704_n.jpg */,
			);
			path = Images;
			sourceTree = "<group>";
		};
		F36A8EDB311250E5395A6631 /* Frameworks */ = {
			isa = PBXGroup;
			children = (
				B9B7C7DD9558CFC5E1B246D1 /* Pods_AegiS.framework */,
				63616588F2F43A15453C93AB /* Pods_AegiS_AegiSUITests.framework */,
				DF4265850CBD3DDA93F9EC33 /* Pods_AegiSTests.framework */,
			);
			name = Frameworks;
			sourceTree = "<group>";
		};
/* End PBXGroup section */

/* Begin PBXNativeTarget section */
		EDCD0DD12411A30300FC6524 /* AegiS */ = {
			isa = PBXNativeTarget;
			buildConfigurationList = EDCD0DFF2411A30500FC6524 /* Build configuration list for PBXNativeTarget "AegiS" */;
			buildPhases = (
				9DE151778FC1D429B108F6CD /* [CP] Check Pods Manifest.lock */,
				EDCD0DCE2411A30300FC6524 /* Sources */,
				EDCD0DCF2411A30300FC6524 /* Frameworks */,
				EDCD0DD02411A30300FC6524 /* Resources */,
				AF580D3FE81FA1627C1A4162 /* [CP] Embed Pods Frameworks */,
			);
			buildRules = (
			);
			dependencies = (
			);
			name = AegiS;
			productName = AegiS;
			productReference = EDCD0DD22411A30300FC6524 /* AegiS.app */;
			productType = "com.apple.product-type.application";
		};
		EDCD0DEA2411A30500FC6524 /* AegiSTests */ = {
			isa = PBXNativeTarget;
			buildConfigurationList = EDCD0E022411A30500FC6524 /* Build configuration list for PBXNativeTarget "AegiSTests" */;
			buildPhases = (
				34046107BAFBBA7FCE6BC828 /* [CP] Check Pods Manifest.lock */,
				EDCD0DE72411A30500FC6524 /* Sources */,
				EDCD0DE82411A30500FC6524 /* Frameworks */,
				EDCD0DE92411A30500FC6524 /* Resources */,
			);
			buildRules = (
			);
			dependencies = (
				EDCD0DED2411A30500FC6524 /* PBXTargetDependency */,
			);
			name = AegiSTests;
			productName = AegiSTests;
			productReference = EDCD0DEB2411A30500FC6524 /* AegiSTests.xctest */;
			productType = "com.apple.product-type.bundle.unit-test";
		};
		EDCD0DF52411A30500FC6524 /* AegiSUITests */ = {
			isa = PBXNativeTarget;
			buildConfigurationList = EDCD0E052411A30500FC6524 /* Build configuration list for PBXNativeTarget "AegiSUITests" */;
			buildPhases = (
				2049AD4C02018D322F748073 /* [CP] Check Pods Manifest.lock */,
				EDCD0DF22411A30500FC6524 /* Sources */,
				EDCD0DF32411A30500FC6524 /* Frameworks */,
				EDCD0DF42411A30500FC6524 /* Resources */,
				69FC81CF9FEA83CA0900B1BB /* [CP] Embed Pods Frameworks */,
			);
			buildRules = (
			);
			dependencies = (
				EDCD0DF82411A30500FC6524 /* PBXTargetDependency */,
			);
			name = AegiSUITests;
			productName = AegiSUITests;
			productReference = EDCD0DF62411A30500FC6524 /* AegiSUITests.xctest */;
			productType = "com.apple.product-type.bundle.ui-testing";
		};
/* End PBXNativeTarget section */

/* Begin PBXProject section */
		EDCD0DCA2411A30300FC6524 /* Project object */ = {
			isa = PBXProject;
			attributes = {
				LastSwiftUpdateCheck = 1130;
				LastUpgradeCheck = 1130;
				ORGANIZATIONNAME = "Teodor Pavlov";
				TargetAttributes = {
					EDCD0DD12411A30300FC6524 = {
						CreatedOnToolsVersion = 11.3.1;
					};
					EDCD0DEA2411A30500FC6524 = {
						CreatedOnToolsVersion = 11.3.1;
						TestTargetID = EDCD0DD12411A30300FC6524;
					};
					EDCD0DF52411A30500FC6524 = {
						CreatedOnToolsVersion = 11.3.1;
						TestTargetID = EDCD0DD12411A30300FC6524;
					};
				};
			};
			buildConfigurationList = EDCD0DCD2411A30300FC6524 /* Build configuration list for PBXProject "AegiS" */;
			compatibilityVersion = "Xcode 9.3";
			developmentRegion = en;
			hasScannedForEncodings = 0;
			knownRegions = (
				en,
				Base,
			);
			mainGroup = EDCD0DC92411A30300FC6524;
			productRefGroup = EDCD0DD32411A30300FC6524 /* Products */;
			projectDirPath = "";
			projectRoot = "";
			targets = (
				EDCD0DD12411A30300FC6524 /* AegiS */,
				EDCD0DEA2411A30500FC6524 /* AegiSTests */,
				EDCD0DF52411A30500FC6524 /* AegiSUITests */,
			);
		};
/* End PBXProject section */

/* Begin PBXResourcesBuildPhase section */
		EDCD0DD02411A30300FC6524 /* Resources */ = {
			isa = PBXResourcesBuildPhase;
			buildActionMask = 2147483647;
			files = (
				ED5162282419AB290008C621 /* 89854406_814414002390551_1132090573918830592_n.jpg in Resources */,
				ED51622E2419B1960008C621 /* unnamed.png in Resources */,
				ED5162242419AB290008C621 /* 89762769_223800988749873_7596640348722429952_n.jpg in Resources */,
				EDCD0DE52411A30500FC6524 /* LaunchScreen.storyboard in Resources */,
				ED5162252419AB290008C621 /* 88184721_197303188163976_3523993075498090496_n.png in Resources */,
				ED51622A2419AE8E0008C621 /* 49054316_356857088449911_3489275029483421696_n.jpg in Resources */,
				EDCD0DE22411A30500FC6524 /* Assets.xcassets in Resources */,
				EDCD0DDD2411A30300FC6524 /* Main.storyboard in Resources */,
				ED5162262419AB290008C621 /* 89930680_198473048089654_6530749024859848704_n.jpg in Resources */,
				ED64881F2415345400EDD3D3 /* GoogleService-Info.plist in Resources */,
				ED5162272419AB290008C621 /* 58793365_435065583733969_1080487310656536576_n.jpg in Resources */,
			);
			runOnlyForDeploymentPostprocessing = 0;
		};
		EDCD0DE92411A30500FC6524 /* Resources */ = {
			isa = PBXResourcesBuildPhase;
			buildActionMask = 2147483647;
			files = (
			);
			runOnlyForDeploymentPostprocessing = 0;
		};
		EDCD0DF42411A30500FC6524 /* Resources */ = {
			isa = PBXResourcesBuildPhase;
			buildActionMask = 2147483647;
			files = (
			);
			runOnlyForDeploymentPostprocessing = 0;
		};
/* End PBXResourcesBuildPhase section */

/* Begin PBXShellScriptBuildPhase section */
		2049AD4C02018D322F748073 /* [CP] Check Pods Manifest.lock */ = {
			isa = PBXShellScriptBuildPhase;
			buildActionMask = 2147483647;
			files = (
			);
			inputFileListPaths = (
			);
			inputPaths = (
				"${PODS_PODFILE_DIR_PATH}/Podfile.lock",
				"${PODS_ROOT}/Manifest.lock",
			);
			name = "[CP] Check Pods Manifest.lock";
			outputFileListPaths = (
			);
			outputPaths = (
				"$(DERIVED_FILE_DIR)/Pods-AegiS-AegiSUITests-checkManifestLockResult.txt",
			);
			runOnlyForDeploymentPostprocessing = 0;
			shellPath = /bin/sh;
			shellScript = "diff \"${PODS_PODFILE_DIR_PATH}/Podfile.lock\" \"${PODS_ROOT}/Manifest.lock\" > /dev/null\nif [ $? != 0 ] ; then\n    # print error to STDERR\n    echo \"error: The sandbox is not in sync with the Podfile.lock. Run 'pod install' or update your CocoaPods installation.\" >&2\n    exit 1\nfi\n# This output is used by Xcode 'outputs' to avoid re-running this script phase.\necho \"SUCCESS\" > \"${SCRIPT_OUTPUT_FILE_0}\"\n";
			showEnvVarsInLog = 0;
		};
		34046107BAFBBA7FCE6BC828 /* [CP] Check Pods Manifest.lock */ = {
			isa = PBXShellScriptBuildPhase;
			buildActionMask = 2147483647;
			files = (
			);
			inputFileListPaths = (
			);
			inputPaths = (
				"${PODS_PODFILE_DIR_PATH}/Podfile.lock",
				"${PODS_ROOT}/Manifest.lock",
			);
			name = "[CP] Check Pods Manifest.lock";
			outputFileListPaths = (
			);
			outputPaths = (
				"$(DERIVED_FILE_DIR)/Pods-AegiSTests-checkManifestLockResult.txt",
			);
			runOnlyForDeploymentPostprocessing = 0;
			shellPath = /bin/sh;
			shellScript = "diff \"${PODS_PODFILE_DIR_PATH}/Podfile.lock\" \"${PODS_ROOT}/Manifest.lock\" > /dev/null\nif [ $? != 0 ] ; then\n    # print error to STDERR\n    echo \"error: The sandbox is not in sync with the Podfile.lock. Run 'pod install' or update your CocoaPods installation.\" >&2\n    exit 1\nfi\n# This output is used by Xcode 'outputs' to avoid re-running this script phase.\necho \"SUCCESS\" > \"${SCRIPT_OUTPUT_FILE_0}\"\n";
			showEnvVarsInLog = 0;
		};
		69FC81CF9FEA83CA0900B1BB /* [CP] Embed Pods Frameworks */ = {
			isa = PBXShellScriptBuildPhase;
			buildActionMask = 2147483647;
			files = (
			);
			inputFileListPaths = (
				"${PODS_ROOT}/Target Support Files/Pods-AegiS-AegiSUITests/Pods-AegiS-AegiSUITests-frameworks-${CONFIGURATION}-input-files.xcfilelist",
			);
			name = "[CP] Embed Pods Frameworks";
			outputFileListPaths = (
				"${PODS_ROOT}/Target Support Files/Pods-AegiS-AegiSUITests/Pods-AegiS-AegiSUITests-frameworks-${CONFIGURATION}-output-files.xcfilelist",
			);
			runOnlyForDeploymentPostprocessing = 0;
			shellPath = /bin/sh;
			shellScript = "\"${PODS_ROOT}/Target Support Files/Pods-AegiS-AegiSUITests/Pods-AegiS-AegiSUITests-frameworks.sh\"\n";
			showEnvVarsInLog = 0;
		};
		9DE151778FC1D429B108F6CD /* [CP] Check Pods Manifest.lock */ = {
			isa = PBXShellScriptBuildPhase;
			buildActionMask = 2147483647;
			files = (
			);
			inputFileListPaths = (
			);
			inputPaths = (
				"${PODS_PODFILE_DIR_PATH}/Podfile.lock",
				"${PODS_ROOT}/Manifest.lock",
			);
			name = "[CP] Check Pods Manifest.lock";
			outputFileListPaths = (
			);
			outputPaths = (
				"$(DERIVED_FILE_DIR)/Pods-AegiS-checkManifestLockResult.txt",
			);
			runOnlyForDeploymentPostprocessing = 0;
			shellPath = /bin/sh;
			shellScript = "diff \"${PODS_PODFILE_DIR_PATH}/Podfile.lock\" \"${PODS_ROOT}/Manifest.lock\" > /dev/null\nif [ $? != 0 ] ; then\n    # print error to STDERR\n    echo \"error: The sandbox is not in sync with the Podfile.lock. Run 'pod install' or update your CocoaPods installation.\" >&2\n    exit 1\nfi\n# This output is used by Xcode 'outputs' to avoid re-running this script phase.\necho \"SUCCESS\" > \"${SCRIPT_OUTPUT_FILE_0}\"\n";
			showEnvVarsInLog = 0;
		};
		AF580D3FE81FA1627C1A4162 /* [CP] Embed Pods Frameworks */ = {
			isa = PBXShellScriptBuildPhase;
			buildActionMask = 2147483647;
			files = (
			);
			inputFileListPaths = (
				"${PODS_ROOT}/Target Support Files/Pods-AegiS/Pods-AegiS-frameworks-${CONFIGURATION}-input-files.xcfilelist",
			);
			name = "[CP] Embed Pods Frameworks";
			outputFileListPaths = (
				"${PODS_ROOT}/Target Support Files/Pods-AegiS/Pods-AegiS-frameworks-${CONFIGURATION}-output-files.xcfilelist",
			);
			runOnlyForDeploymentPostprocessing = 0;
			shellPath = /bin/sh;
			shellScript = "\"${PODS_ROOT}/Target Support Files/Pods-AegiS/Pods-AegiS-frameworks.sh\"\n";
			showEnvVarsInLog = 0;
		};
/* End PBXShellScriptBuildPhase section */

/* Begin PBXSourcesBuildPhase section */
		EDCD0DCE2411A30300FC6524 /* Sources */ = {
			isa = PBXSourcesBuildPhase;
			buildActionMask = 2147483647;
			files = (
				ED59B019244380D100CE4AC9 /* SingleClientViewController.swift in Sources */,
				ED5DAEE12417BEEE0085F08A /* SecuritiesViewController.swift in Sources */,
				EDCD0DDA2411A30300FC6524 /* LoginViewController.swift in Sources */,
				ED5DAEDD2417B4480085F08A /* MainNavigationViewController.swift in Sources */,
				ED516230241AD20D0008C621 /* SecuritiesTableViewCell.swift in Sources */,
				ED5DAEE52417BF6D0085F08A /* ClientsViewController.swift in Sources */,
				ED13A8322422AB6B00A6FE82 /* ClientsCollectionViewCell.swift in Sources */,
				ED64881B241247F000EDD3D3 /* RegisterViewController.swift in Sources */,
				ED5DAEDF2417B6BA0085F08A /* MainTabBarViewController.swift in Sources */,
				ED8CD4DF243DC4150064861C /* SecurityViewController.swift in Sources */,
				ED59B01724407BCB00CE4AC9 /* SingleSecurityInfoTableViewCell.swift in Sources */,
				ED5DAEE32417BEFA0085F08A /* HomeViewController.swift in Sources */,
				EDCD0DD62411A30300FC6524 /* AppDelegate.swift in Sources */,
				EDCD0DD82411A30300FC6524 /* SceneDelegate.swift in Sources */,
				ED13A8302420193A00A6FE82 /* MainSecuritiesTableViewCell.swift in Sources */,
				ED516219241988540008C621 /* clientView.swift in Sources */,
				EDCD0DE02411A30300FC6524 /* AegiS.xcdatamodeld in Sources */,
			);
			runOnlyForDeploymentPostprocessing = 0;
		};
		EDCD0DE72411A30500FC6524 /* Sources */ = {
			isa = PBXSourcesBuildPhase;
			buildActionMask = 2147483647;
			files = (
				EDCD0DF02411A30500FC6524 /* AegiSTests.swift in Sources */,
			);
			runOnlyForDeploymentPostprocessing = 0;
		};
		EDCD0DF22411A30500FC6524 /* Sources */ = {
			isa = PBXSourcesBuildPhase;
			buildActionMask = 2147483647;
			files = (
				EDCD0DFB2411A30500FC6524 /* AegiSUITests.swift in Sources */,
			);
			runOnlyForDeploymentPostprocessing = 0;
		};
/* End PBXSourcesBuildPhase section */

/* Begin PBXTargetDependency section */
		EDCD0DED2411A30500FC6524 /* PBXTargetDependency */ = {
			isa = PBXTargetDependency;
			target = EDCD0DD12411A30300FC6524 /* AegiS */;
			targetProxy = EDCD0DEC2411A30500FC6524 /* PBXContainerItemProxy */;
		};
		EDCD0DF82411A30500FC6524 /* PBXTargetDependency */ = {
			isa = PBXTargetDependency;
			target = EDCD0DD12411A30300FC6524 /* AegiS */;
			targetProxy = EDCD0DF72411A30500FC6524 /* PBXContainerItemProxy */;
		};
/* End PBXTargetDependency section */

/* Begin PBXVariantGroup section */
		EDCD0DDB2411A30300FC6524 /* Main.storyboard */ = {
			isa = PBXVariantGroup;
			children = (
				EDCD0DDC2411A30300FC6524 /* Base */,
			);
			name = Main.storyboard;
			sourceTree = "<group>";
		};
		EDCD0DE32411A30500FC6524 /* LaunchScreen.storyboard */ = {
			isa = PBXVariantGroup;
			children = (
				EDCD0DE42411A30500FC6524 /* Base */,
			);
			name = LaunchScreen.storyboard;
			sourceTree = "<group>";
		};
/* End PBXVariantGroup section */

/* Begin XCBuildConfiguration section */
		EDCD0DFD2411A30500FC6524 /* Debug */ = {
			isa = XCBuildConfiguration;
			buildSettings = {
				ALWAYS_SEARCH_USER_PATHS = NO;
				CLANG_ANALYZER_NONNULL = YES;
				CLANG_ANALYZER_NUMBER_OBJECT_CONVERSION = YES_AGGRESSIVE;
				CLANG_CXX_LANGUAGE_STANDARD = "gnu++14";
				CLANG_CXX_LIBRARY = "libc++";
				CLANG_ENABLE_MODULES = YES;
				CLANG_ENABLE_OBJC_ARC = YES;
				CLANG_ENABLE_OBJC_WEAK = YES;
				CLANG_WARN_BLOCK_CAPTURE_AUTORELEASING = YES;
				CLANG_WARN_BOOL_CONVERSION = YES;
				CLANG_WARN_COMMA = YES;
				CLANG_WARN_CONSTANT_CONVERSION = YES;
				CLANG_WARN_DEPRECATED_OBJC_IMPLEMENTATIONS = YES;
				CLANG_WARN_DIRECT_OBJC_ISA_USAGE = YES_ERROR;
				CLANG_WARN_DOCUMENTATION_COMMENTS = YES;
				CLANG_WARN_EMPTY_BODY = YES;
				CLANG_WARN_ENUM_CONVERSION = YES;
				CLANG_WARN_INFINITE_RECURSION = YES;
				CLANG_WARN_INT_CONVERSION = YES;
				CLANG_WARN_NON_LITERAL_NULL_CONVERSION = YES;
				CLANG_WARN_OBJC_IMPLICIT_RETAIN_SELF = YES;
				CLANG_WARN_OBJC_LITERAL_CONVERSION = YES;
				CLANG_WARN_OBJC_ROOT_CLASS = YES_ERROR;
				CLANG_WARN_RANGE_LOOP_ANALYSIS = YES;
				CLANG_WARN_STRICT_PROTOTYPES = YES;
				CLANG_WARN_SUSPICIOUS_MOVE = YES;
				CLANG_WARN_UNGUARDED_AVAILABILITY = YES_AGGRESSIVE;
				CLANG_WARN_UNREACHABLE_CODE = YES;
				CLANG_WARN__DUPLICATE_METHOD_MATCH = YES;
				COPY_PHASE_STRIP = NO;
				DEBUG_INFORMATION_FORMAT = dwarf;
				ENABLE_STRICT_OBJC_MSGSEND = YES;
				ENABLE_TESTABILITY = YES;
				GCC_C_LANGUAGE_STANDARD = gnu11;
				GCC_DYNAMIC_NO_PIC = NO;
				GCC_NO_COMMON_BLOCKS = YES;
				GCC_OPTIMIZATION_LEVEL = 0;
				GCC_PREPROCESSOR_DEFINITIONS = (
					"DEBUG=1",
					"$(inherited)",
				);
				GCC_WARN_64_TO_32_BIT_CONVERSION = YES;
				GCC_WARN_ABOUT_RETURN_TYPE = YES_ERROR;
				GCC_WARN_UNDECLARED_SELECTOR = YES;
				GCC_WARN_UNINITIALIZED_AUTOS = YES_AGGRESSIVE;
				GCC_WARN_UNUSED_FUNCTION = YES;
				GCC_WARN_UNUSED_VARIABLE = YES;
				IPHONEOS_DEPLOYMENT_TARGET = 13.2;
				MTL_ENABLE_DEBUG_INFO = INCLUDE_SOURCE;
				MTL_FAST_MATH = YES;
				ONLY_ACTIVE_ARCH = YES;
				SDKROOT = iphoneos;
				SWIFT_ACTIVE_COMPILATION_CONDITIONS = DEBUG;
				SWIFT_OPTIMIZATION_LEVEL = "-Onone";
			};
			name = Debug;
		};
		EDCD0DFE2411A30500FC6524 /* Release */ = {
			isa = XCBuildConfiguration;
			buildSettings = {
				ALWAYS_SEARCH_USER_PATHS = NO;
				CLANG_ANALYZER_NONNULL = YES;
				CLANG_ANALYZER_NUMBER_OBJECT_CONVERSION = YES_AGGRESSIVE;
				CLANG_CXX_LANGUAGE_STANDARD = "gnu++14";
				CLANG_CXX_LIBRARY = "libc++";
				CLANG_ENABLE_MODULES = YES;
				CLANG_ENABLE_OBJC_ARC = YES;
				CLANG_ENABLE_OBJC_WEAK = YES;
				CLANG_WARN_BLOCK_CAPTURE_AUTORELEASING = YES;
				CLANG_WARN_BOOL_CONVERSION = YES;
				CLANG_WARN_COMMA = YES;
				CLANG_WARN_CONSTANT_CONVERSION = YES;
				CLANG_WARN_DEPRECATED_OBJC_IMPLEMENTATIONS = YES;
				CLANG_WARN_DIRECT_OBJC_ISA_USAGE = YES_ERROR;
				CLANG_WARN_DOCUMENTATION_COMMENTS = YES;
				CLANG_WARN_EMPTY_BODY = YES;
				CLANG_WARN_ENUM_CONVERSION = YES;
				CLANG_WARN_INFINITE_RECURSION = YES;
				CLANG_WARN_INT_CONVERSION = YES;
				CLANG_WARN_NON_LITERAL_NULL_CONVERSION = YES;
				CLANG_WARN_OBJC_IMPLICIT_RETAIN_SELF = YES;
				CLANG_WARN_OBJC_LITERAL_CONVERSION = YES;
				CLANG_WARN_OBJC_ROOT_CLASS = YES_ERROR;
				CLANG_WARN_RANGE_LOOP_ANALYSIS = YES;
				CLANG_WARN_STRICT_PROTOTYPES = YES;
				CLANG_WARN_SUSPICIOUS_MOVE = YES;
				CLANG_WARN_UNGUARDED_AVAILABILITY = YES_AGGRESSIVE;
				CLANG_WARN_UNREACHABLE_CODE = YES;
				CLANG_WARN__DUPLICATE_METHOD_MATCH = YES;
				COPY_PHASE_STRIP = NO;
				DEBUG_INFORMATION_FORMAT = "dwarf-with-dsym";
				ENABLE_NS_ASSERTIONS = NO;
				ENABLE_STRICT_OBJC_MSGSEND = YES;
				GCC_C_LANGUAGE_STANDARD = gnu11;
				GCC_NO_COMMON_BLOCKS = YES;
				GCC_WARN_64_TO_32_BIT_CONVERSION = YES;
				GCC_WARN_ABOUT_RETURN_TYPE = YES_ERROR;
				GCC_WARN_UNDECLARED_SELECTOR = YES;
				GCC_WARN_UNINITIALIZED_AUTOS = YES_AGGRESSIVE;
				GCC_WARN_UNUSED_FUNCTION = YES;
				GCC_WARN_UNUSED_VARIABLE = YES;
				IPHONEOS_DEPLOYMENT_TARGET = 13.2;
				MTL_ENABLE_DEBUG_INFO = NO;
				MTL_FAST_MATH = YES;
				SDKROOT = iphoneos;
				SWIFT_COMPILATION_MODE = wholemodule;
				SWIFT_OPTIMIZATION_LEVEL = "-O";
				VALIDATE_PRODUCT = YES;
			};
			name = Release;
		};
		EDCD0E002411A30500FC6524 /* Debug */ = {
			isa = XCBuildConfiguration;
			baseConfigurationReference = B763898BBFC59D3E11D2B174 /* Pods-AegiS.debug.xcconfig */;
			buildSettings = {
				ASSETCATALOG_COMPILER_APPICON_NAME = AppIcon;
				CODE_SIGN_STYLE = Automatic;
				DEVELOPMENT_TEAM = B3A34F6MTE;
				INFOPLIST_FILE = AegiS/Info.plist;
				LD_RUNPATH_SEARCH_PATHS = (
					"$(inherited)",
					"@executable_path/Frameworks",
				);
				PRODUCT_BUNDLE_IDENTIFIER = com.CreditSuisse.AegiS;
				PRODUCT_NAME = "$(TARGET_NAME)";
				SWIFT_VERSION = 5.0;
				TARGETED_DEVICE_FAMILY = "1,2";
			};
			name = Debug;
		};
		EDCD0E012411A30500FC6524 /* Release */ = {
			isa = XCBuildConfiguration;
			baseConfigurationReference = 87BA9FCA0808D16821FE1DF4 /* Pods-AegiS.release.xcconfig */;
			buildSettings = {
				ASSETCATALOG_COMPILER_APPICON_NAME = AppIcon;
				CODE_SIGN_STYLE = Automatic;
				DEVELOPMENT_TEAM = B3A34F6MTE;
				INFOPLIST_FILE = AegiS/Info.plist;
				LD_RUNPATH_SEARCH_PATHS = (
					"$(inherited)",
					"@executable_path/Frameworks",
				);
				PRODUCT_BUNDLE_IDENTIFIER = com.CreditSuisse.AegiS;
				PRODUCT_NAME = "$(TARGET_NAME)";
				SWIFT_VERSION = 5.0;
				TARGETED_DEVICE_FAMILY = "1,2";
			};
			name = Release;
		};
		EDCD0E032411A30500FC6524 /* Debug */ = {
			isa = XCBuildConfiguration;
			baseConfigurationReference = C0DB5E911A0E70F97C9C7950 /* Pods-AegiSTests.debug.xcconfig */;
			buildSettings = {
				ALWAYS_EMBED_SWIFT_STANDARD_LIBRARIES = YES;
				BUNDLE_LOADER = "$(TEST_HOST)";
				CODE_SIGN_STYLE = Automatic;
				INFOPLIST_FILE = AegiSTests/Info.plist;
				IPHONEOS_DEPLOYMENT_TARGET = 13.2;
				LD_RUNPATH_SEARCH_PATHS = (
					"$(inherited)",
					"@executable_path/Frameworks",
					"@loader_path/Frameworks",
				);
				PRODUCT_BUNDLE_IDENTIFIER = com.CreditSuisse.AegiSTests;
				PRODUCT_NAME = "$(TARGET_NAME)";
				SWIFT_VERSION = 5.0;
				TARGETED_DEVICE_FAMILY = "1,2";
				TEST_HOST = "$(BUILT_PRODUCTS_DIR)/AegiS.app/AegiS";
			};
			name = Debug;
		};
		EDCD0E042411A30500FC6524 /* Release */ = {
			isa = XCBuildConfiguration;
			baseConfigurationReference = B3739DBCABEAD5E7DD697388 /* Pods-AegiSTests.release.xcconfig */;
			buildSettings = {
				ALWAYS_EMBED_SWIFT_STANDARD_LIBRARIES = YES;
				BUNDLE_LOADER = "$(TEST_HOST)";
				CODE_SIGN_STYLE = Automatic;
				INFOPLIST_FILE = AegiSTests/Info.plist;
				IPHONEOS_DEPLOYMENT_TARGET = 13.2;
				LD_RUNPATH_SEARCH_PATHS = (
					"$(inherited)",
					"@executable_path/Frameworks",
					"@loader_path/Frameworks",
				);
				PRODUCT_BUNDLE_IDENTIFIER = com.CreditSuisse.AegiSTests;
				PRODUCT_NAME = "$(TARGET_NAME)";
				SWIFT_VERSION = 5.0;
				TARGETED_DEVICE_FAMILY = "1,2";
				TEST_HOST = "$(BUILT_PRODUCTS_DIR)/AegiS.app/AegiS";
			};
			name = Release;
		};
		EDCD0E062411A30500FC6524 /* Debug */ = {
			isa = XCBuildConfiguration;
			baseConfigurationReference = F5124A8DF89F9649BF1C888F /* Pods-AegiS-AegiSUITests.debug.xcconfig */;
			buildSettings = {
				ALWAYS_EMBED_SWIFT_STANDARD_LIBRARIES = YES;
				CODE_SIGN_STYLE = Automatic;
				INFOPLIST_FILE = AegiSUITests/Info.plist;
				LD_RUNPATH_SEARCH_PATHS = (
					"$(inherited)",
					"@executable_path/Frameworks",
					"@loader_path/Frameworks",
				);
				PRODUCT_BUNDLE_IDENTIFIER = com.CreditSuisse.AegiSUITests;
				PRODUCT_NAME = "$(TARGET_NAME)";
				SWIFT_VERSION = 5.0;
				TARGETED_DEVICE_FAMILY = "1,2";
				TEST_TARGET_NAME = AegiS;
			};
			name = Debug;
		};
		EDCD0E072411A30500FC6524 /* Release */ = {
			isa = XCBuildConfiguration;
			baseConfigurationReference = CEA4752195F6BA40FA5E6C2B /* Pods-AegiS-AegiSUITests.release.xcconfig */;
			buildSettings = {
				ALWAYS_EMBED_SWIFT_STANDARD_LIBRARIES = YES;
				CODE_SIGN_STYLE = Automatic;
				INFOPLIST_FILE = AegiSUITests/Info.plist;
				LD_RUNPATH_SEARCH_PATHS = (
					"$(inherited)",
					"@executable_path/Frameworks",
					"@loader_path/Frameworks",
				);
				PRODUCT_BUNDLE_IDENTIFIER = com.CreditSuisse.AegiSUITests;
				PRODUCT_NAME = "$(TARGET_NAME)";
				SWIFT_VERSION = 5.0;
				TARGETED_DEVICE_FAMILY = "1,2";
				TEST_TARGET_NAME = AegiS;
			};
			name = Release;
		};
/* End XCBuildConfiguration section */

/* Begin XCConfigurationList section */
		EDCD0DCD2411A30300FC6524 /* Build configuration list for PBXProject "AegiS" */ = {
			isa = XCConfigurationList;
			buildConfigurations = (
				EDCD0DFD2411A30500FC6524 /* Debug */,
				EDCD0DFE2411A30500FC6524 /* Release */,
			);
			defaultConfigurationIsVisible = 0;
			defaultConfigurationName = Release;
		};
		EDCD0DFF2411A30500FC6524 /* Build configuration list for PBXNativeTarget "AegiS" */ = {
			isa = XCConfigurationList;
			buildConfigurations = (
				EDCD0E002411A30500FC6524 /* Debug */,
				EDCD0E012411A30500FC6524 /* Release */,
			);
			defaultConfigurationIsVisible = 0;
			defaultConfigurationName = Release;
		};
		EDCD0E022411A30500FC6524 /* Build configuration list for PBXNativeTarget "AegiSTests" */ = {
			isa = XCConfigurationList;
			buildConfigurations = (
				EDCD0E032411A30500FC6524 /* Debug */,
				EDCD0E042411A30500FC6524 /* Release */,
			);
			defaultConfigurationIsVisible = 0;
			defaultConfigurationName = Release;
		};
		EDCD0E052411A30500FC6524 /* Build configuration list for PBXNativeTarget "AegiSUITests" */ = {
			isa = XCConfigurationList;
			buildConfigurations = (
				EDCD0E062411A30500FC6524 /* Debug */,
				EDCD0E072411A30500FC6524 /* Release */,
			);
			defaultConfigurationIsVisible = 0;
			defaultConfigurationName = Release;
		};
/* End XCConfigurationList section */

/* Begin XCVersionGroup section */
		EDCD0DDE2411A30300FC6524 /* AegiS.xcdatamodeld */ = {
			isa = XCVersionGroup;
			children = (
				EDCD0DDF2411A30300FC6524 /* AegiS.xcdatamodel */,
			);
			currentVersion = EDCD0DDF2411A30300FC6524 /* AegiS.xcdatamodel */;
			path = AegiS.xcdatamodeld;
			sourceTree = "<group>";
			versionGroupType = wrapper.xcdatamodel;
		};
/* End XCVersionGroup section */
	};
	rootObject = EDCD0DCA2411A30300FC6524 /* Project object */;
}
